// !$*UTF8*$!
{
	archiveVersion = 1;
	classes = {
	};
	objectVersion = 50;
	objects = {

/* Begin PBXBuildFile section */
		137F7E4826A74B6400F3959A /* AppDelegate.swift in Sources */ = {isa = PBXBuildFile; fileRef = 137F7E4726A74B6400F3959A /* AppDelegate.swift */; };
		137F7E4A26A74B6400F3959A /* SceneDelegate.swift in Sources */ = {isa = PBXBuildFile; fileRef = 137F7E4926A74B6400F3959A /* SceneDelegate.swift */; };
		137F7E4C26A74B6400F3959A /* ViewController.swift in Sources */ = {isa = PBXBuildFile; fileRef = 137F7E4B26A74B6400F3959A /* ViewController.swift */; };
		137F7E4F26A74B6400F3959A /* Main.storyboard in Resources */ = {isa = PBXBuildFile; fileRef = 137F7E4D26A74B6400F3959A /* Main.storyboard */; };
		137F7E5226A74B6400F3959A /* GitHub_LessonTesting_2.xcdatamodeld in Sources */ = {isa = PBXBuildFile; fileRef = 137F7E5026A74B6400F3959A /* GitHub_LessonTesting_2.xcdatamodeld */; };
		137F7E5426A74B6A00F3959A /* Assets.xcassets in Resources */ = {isa = PBXBuildFile; fileRef = 137F7E5326A74B6A00F3959A /* Assets.xcassets */; };
		137F7E5726A74B6A00F3959A /* LaunchScreen.storyboard in Resources */ = {isa = PBXBuildFile; fileRef = 137F7E5526A74B6A00F3959A /* LaunchScreen.storyboard */; };
		137F7E6226A74B6B00F3959A /* GitHub_LessonTesting_2Tests.swift in Sources */ = {isa = PBXBuildFile; fileRef = 137F7E6126A74B6B00F3959A /* GitHub_LessonTesting_2Tests.swift */; };
		137F7E6D26A74B6B00F3959A /* GitHub_LessonTesting_2UITests.swift in Sources */ = {isa = PBXBuildFile; fileRef = 137F7E6C26A74B6B00F3959A /* GitHub_LessonTesting_2UITests.swift */; };
/* End PBXBuildFile section */

/* Begin PBXContainerItemProxy section */
		137F7E5E26A74B6B00F3959A /* PBXContainerItemProxy */ = {
			isa = PBXContainerItemProxy;
			containerPortal = 137F7E3C26A74B6400F3959A /* Project object */;
			proxyType = 1;
			remoteGlobalIDString = 137F7E4326A74B6400F3959A;
			remoteInfo = GitHub_LessonTesting_2;
		};
		137F7E6926A74B6B00F3959A /* PBXContainerItemProxy */ = {
			isa = PBXContainerItemProxy;
			containerPortal = 137F7E3C26A74B6400F3959A /* Project object */;
			proxyType = 1;
			remoteGlobalIDString = 137F7E4326A74B6400F3959A;
			remoteInfo = GitHub_LessonTesting_2;
		};
/* End PBXContainerItemProxy section */

/* Begin PBXFileReference section */
		137F7E4426A74B6400F3959A /* GitHub_LessonTesting_2.app */ = {isa = PBXFileReference; explicitFileType = wrapper.application; includeInIndex = 0; path = GitHub_LessonTesting_2.app; sourceTree = BUILT_PRODUCTS_DIR; };
		137F7E4726A74B6400F3959A /* AppDelegate.swift */ = {isa = PBXFileReference; lastKnownFileType = sourcecode.swift; path = AppDelegate.swift; sourceTree = "<group>"; };
		137F7E4926A74B6400F3959A /* SceneDelegate.swift */ = {isa = PBXFileReference; lastKnownFileType = sourcecode.swift; path = SceneDelegate.swift; sourceTree = "<group>"; };
		137F7E4B26A74B6400F3959A /* ViewController.swift */ = {isa = PBXFileReference; lastKnownFileType = sourcecode.swift; path = ViewController.swift; sourceTree = "<group>"; };
		137F7E4E26A74B6400F3959A /* Base */ = {isa = PBXFileReference; lastKnownFileType = file.storyboard; name = Base; path = Base.lproj/Main.storyboard; sourceTree = "<group>"; };
		137F7E5126A74B6400F3959A /* GitHub_LessonTesting_2.xcdatamodel */ = {isa = PBXFileReference; lastKnownFileType = wrapper.xcdatamodel; path = GitHub_LessonTesting_2.xcdatamodel; sourceTree = "<group>"; };
		137F7E5326A74B6A00F3959A /* Assets.xcassets */ = {isa = PBXFileReference; lastKnownFileType = folder.assetcatalog; path = Assets.xcassets; sourceTree = "<group>"; };
		137F7E5626A74B6A00F3959A /* Base */ = {isa = PBXFileReference; lastKnownFileType = file.storyboard; name = Base; path = Base.lproj/LaunchScreen.storyboard; sourceTree = "<group>"; };
		137F7E5826A74B6A00F3959A /* Info.plist */ = {isa = PBXFileReference; lastKnownFileType = text.plist.xml; path = Info.plist; sourceTree = "<group>"; };
		137F7E5D26A74B6B00F3959A /* GitHub_LessonTesting_2Tests.xctest */ = {isa = PBXFileReference; explicitFileType = wrapper.cfbundle; includeInIndex = 0; path = GitHub_LessonTesting_2Tests.xctest; sourceTree = BUILT_PRODUCTS_DIR; };
		137F7E6126A74B6B00F3959A /* GitHub_LessonTesting_2Tests.swift */ = {isa = PBXFileReference; lastKnownFileType = sourcecode.swift; path = GitHub_LessonTesting_2Tests.swift; sourceTree = "<group>"; };
		137F7E6326A74B6B00F3959A /* Info.plist */ = {isa = PBXFileReference; lastKnownFileType = text.plist.xml; path = Info.plist; sourceTree = "<group>"; };
		137F7E6826A74B6B00F3959A /* GitHub_LessonTesting_2UITests.xctest */ = {isa = PBXFileReference; explicitFileType = wrapper.cfbundle; includeInIndex = 0; path = GitHub_LessonTesting_2UITests.xctest; sourceTree = BUILT_PRODUCTS_DIR; };
		137F7E6C26A74B6B00F3959A /* GitHub_LessonTesting_2UITests.swift */ = {isa = PBXFileReference; lastKnownFileType = sourcecode.swift; path = GitHub_LessonTesting_2UITests.swift; sourceTree = "<group>"; };
		137F7E6E26A74B6B00F3959A /* Info.plist */ = {isa = PBXFileReference; lastKnownFileType = text.plist.xml; path = Info.plist; sourceTree = "<group>"; };
/* End PBXFileReference section */

/* Begin PBXFrameworksBuildPhase section */
		137F7E4126A74B6400F3959A /* Frameworks */ = {
			isa = PBXFrameworksBuildPhase;
			buildActionMask = 2147483647;
			files = (
			);
			runOnlyForDeploymentPostprocessing = 0;
		};
		137F7E5A26A74B6B00F3959A /* Frameworks */ = {
			isa = PBXFrameworksBuildPhase;
			buildActionMask = 2147483647;
			files = (
			);
			runOnlyForDeploymentPostprocessing = 0;
		};
		137F7E6526A74B6B00F3959A /* Frameworks */ = {
			isa = PBXFrameworksBuildPhase;
			buildActionMask = 2147483647;
			files = (
			);
			runOnlyForDeploymentPostprocessing = 0;
		};
/* End PBXFrameworksBuildPhase section */

/* Begin PBXGroup section */
		137F7E3B26A74B6400F3959A = {
			isa = PBXGroup;
			children = (
				137F7E4626A74B6400F3959A /* GitHub_LessonTesting_2 */,
				137F7E6026A74B6B00F3959A /* GitHub_LessonTesting_2Tests */,
				137F7E6B26A74B6B00F3959A /* GitHub_LessonTesting_2UITests */,
				137F7E4526A74B6400F3959A /* Products */,
			);
			sourceTree = "<group>";
		};
		137F7E4526A74B6400F3959A /* Products */ = {
			isa = PBXGroup;
			children = (
				137F7E4426A74B6400F3959A /* GitHub_LessonTesting_2.app */,
				137F7E5D26A74B6B00F3959A /* GitHub_LessonTesting_2Tests.xctest */,
				137F7E6826A74B6B00F3959A /* GitHub_LessonTesting_2UITests.xctest */,
			);
			name = Products;
			sourceTree = "<group>";
		};
		137F7E4626A74B6400F3959A /* GitHub_LessonTesting_2 */ = {
			isa = PBXGroup;
			children = (
				137F7E4726A74B6400F3959A /* AppDelegate.swift */,
				137F7E4926A74B6400F3959A /* SceneDelegate.swift */,
				137F7E4B26A74B6400F3959A /* ViewController.swift */,
				137F7E4D26A74B6400F3959A /* Main.storyboard */,
				137F7E5326A74B6A00F3959A /* Assets.xcassets */,
				137F7E5526A74B6A00F3959A /* LaunchScreen.storyboard */,
				137F7E5826A74B6A00F3959A /* Info.plist */,
				137F7E5026A74B6400F3959A /* GitHub_LessonTesting_2.xcdatamodeld */,
			);
			path = GitHub_LessonTesting_2;
			sourceTree = "<group>";
		};
		137F7E6026A74B6B00F3959A /* GitHub_LessonTesting_2Tests */ = {
			isa = PBXGroup;
			children = (
				137F7E6126A74B6B00F3959A /* GitHub_LessonTesting_2Tests.swift */,
				137F7E6326A74B6B00F3959A /* Info.plist */,
			);
			path = GitHub_LessonTesting_2Tests;
			sourceTree = "<group>";
		};
		137F7E6B26A74B6B00F3959A /* GitHub_LessonTesting_2UITests */ = {
			isa = PBXGroup;
			children = (
				137F7E6C26A74B6B00F3959A /* GitHub_LessonTesting_2UITests.swift */,
				137F7E6E26A74B6B00F3959A /* Info.plist */,
			);
			path = GitHub_LessonTesting_2UITests;
			sourceTree = "<group>";
		};
/* End PBXGroup section */

/* Begin PBXNativeTarget section */
		137F7E4326A74B6400F3959A /* GitHub_LessonTesting_2 */ = {
			isa = PBXNativeTarget;
			buildConfigurationList = 137F7E7126A74B6B00F3959A /* Build configuration list for PBXNativeTarget "GitHub_LessonTesting_2" */;
			buildPhases = (
				137F7E4026A74B6400F3959A /* Sources */,
				137F7E4126A74B6400F3959A /* Frameworks */,
				137F7E4226A74B6400F3959A /* Resources */,
			);
			buildRules = (
			);
			dependencies = (
			);
			name = GitHub_LessonTesting_2;
			productName = GitHub_LessonTesting_2;
			productReference = 137F7E4426A74B6400F3959A /* GitHub_LessonTesting_2.app */;
			productType = "com.apple.product-type.application";
		};
		137F7E5C26A74B6B00F3959A /* GitHub_LessonTesting_2Tests */ = {
			isa = PBXNativeTarget;
			buildConfigurationList = 137F7E7426A74B6B00F3959A /* Build configuration list for PBXNativeTarget "GitHub_LessonTesting_2Tests" */;
			buildPhases = (
				137F7E5926A74B6B00F3959A /* Sources */,
				137F7E5A26A74B6B00F3959A /* Frameworks */,
				137F7E5B26A74B6B00F3959A /* Resources */,
			);
			buildRules = (
			);
			dependencies = (
				137F7E5F26A74B6B00F3959A /* PBXTargetDependency */,
			);
			name = GitHub_LessonTesting_2Tests;
			productName = GitHub_LessonTesting_2Tests;
			productReference = 137F7E5D26A74B6B00F3959A /* GitHub_LessonTesting_2Tests.xctest */;
			productType = "com.apple.product-type.bundle.unit-test";
		};
		137F7E6726A74B6B00F3959A /* GitHub_LessonTesting_2UITests */ = {
			isa = PBXNativeTarget;
			buildConfigurationList = 137F7E7726A74B6B00F3959A /* Build configuration list for PBXNativeTarget "GitHub_LessonTesting_2UITests" */;
			buildPhases = (
				137F7E6426A74B6B00F3959A /* Sources */,
				137F7E6526A74B6B00F3959A /* Frameworks */,
				137F7E6626A74B6B00F3959A /* Resources */,
			);
			buildRules = (
			);
			dependencies = (
				137F7E6A26A74B6B00F3959A /* PBXTargetDependency */,
			);
			name = GitHub_LessonTesting_2UITests;
			productName = GitHub_LessonTesting_2UITests;
			productReference = 137F7E6826A74B6B00F3959A /* GitHub_LessonTesting_2UITests.xctest */;
			productType = "com.apple.product-type.bundle.ui-testing";
		};
/* End PBXNativeTarget section */

/* Begin PBXProject section */
		137F7E3C26A74B6400F3959A /* Project object */ = {
			isa = PBXProject;
			attributes = {
				LastSwiftUpdateCheck = 1210;
				LastUpgradeCheck = 1210;
				TargetAttributes = {
					137F7E4326A74B6400F3959A = {
						CreatedOnToolsVersion = 12.1;
					};
					137F7E5C26A74B6B00F3959A = {
						CreatedOnToolsVersion = 12.1;
						TestTargetID = 137F7E4326A74B6400F3959A;
					};
					137F7E6726A74B6B00F3959A = {
						CreatedOnToolsVersion = 12.1;
						TestTargetID = 137F7E4326A74B6400F3959A;
					};
				};
			};
			buildConfigurationList = 137F7E3F26A74B6400F3959A /* Build configuration list for PBXProject "GitHub_LessonTesting_2" */;
			compatibilityVersion = "Xcode 9.3";
			developmentRegion = en;
			hasScannedForEncodings = 0;
			knownRegions = (
				en,
				Base,
			);
			mainGroup = 137F7E3B26A74B6400F3959A;
			productRefGroup = 137F7E4526A74B6400F3959A /* Products */;
			projectDirPath = "";
			projectRoot = "";
			targets = (
				137F7E4326A74B6400F3959A /* GitHub_LessonTesting_2 */,
				137F7E5C26A74B6B00F3959A /* GitHub_LessonTesting_2Tests */,
				137F7E6726A74B6B00F3959A /* GitHub_LessonTesting_2UITests */,
			);
		};
/* End PBXProject section */

/* Begin PBXResourcesBuildPhase section */
		137F7E4226A74B6400F3959A /* Resources */ = {
			isa = PBXResourcesBuildPhase;
			buildActionMask = 2147483647;
			files = (
				137F7E5726A74B6A00F3959A /* LaunchScreen.storyboard in Resources */,
				137F7E5426A74B6A00F3959A /* Assets.xcassets in Resources */,
				137F7E4F26A74B6400F3959A /* Main.storyboard in Resources */,
			);
			runOnlyForDeploymentPostprocessing = 0;
		};
		137F7E5B26A74B6B00F3959A /* Resources */ = {
			isa = PBXResourcesBuildPhase;
			buildActionMask = 2147483647;
			files = (
			);
			runOnlyForDeploymentPostprocessing = 0;
		};
		137F7E6626A74B6B00F3959A /* Resources */ = {
			isa = PBXResourcesBuildPhase;
			buildActionMask = 2147483647;
			files = (
			);
			runOnlyForDeploymentPostprocessing = 0;
		};
/* End PBXResourcesBuildPhase section */

/* Begin PBXSourcesBuildPhase section */
		137F7E4026A74B6400F3959A /* Sources */ = {
			isa = PBXSourcesBuildPhase;
			buildActionMask = 2147483647;
			files = (
				137F7E5226A74B6400F3959A /* GitHub_LessonTesting_2.xcdatamodeld in Sources */,
				137F7E4C26A74B6400F3959A /* ViewController.swift in Sources */,
				137F7E4826A74B6400F3959A /* AppDelegate.swift in Sources */,
				137F7E4A26A74B6400F3959A /* SceneDelegate.swift in Sources */,
			);
			runOnlyForDeploymentPostprocessing = 0;
		};
		137F7E5926A74B6B00F3959A /* Sources */ = {
			isa = PBXSourcesBuildPhase;
			buildActionMask = 2147483647;
			files = (
				137F7E6226A74B6B00F3959A /* GitHub_LessonTesting_2Tests.swift in Sources */,
			);
			runOnlyForDeploymentPostprocessing = 0;
		};
		137F7E6426A74B6B00F3959A /* Sources */ = {
			isa = PBXSourcesBuildPhase;
			buildActionMask = 2147483647;
			files = (
				137F7E6D26A74B6B00F3959A /* GitHub_LessonTesting_2UITests.swift in Sources */,
			);
			runOnlyForDeploymentPostprocessing = 0;
		};
/* End PBXSourcesBuildPhase section */

/* Begin PBXTargetDependency section */
		137F7E5F26A74B6B00F3959A /* PBXTargetDependency */ = {
			isa = PBXTargetDependency;
			target = 137F7E4326A74B6400F3959A /* GitHub_LessonTesting_2 */;
			targetProxy = 137F7E5E26A74B6B00F3959A /* PBXContainerItemProxy */;
		};
		137F7E6A26A74B6B00F3959A /* PBXTargetDependency */ = {
			isa = PBXTargetDependency;
			target = 137F7E4326A74B6400F3959A /* GitHub_LessonTesting_2 */;
			targetProxy = 137F7E6926A74B6B00F3959A /* PBXContainerItemProxy */;
		};
/* End PBXTargetDependency section */

/* Begin PBXVariantGroup section */
		137F7E4D26A74B6400F3959A /* Main.storyboard */ = {
			isa = PBXVariantGroup;
			children = (
				137F7E4E26A74B6400F3959A /* Base */,
			);
			name = Main.storyboard;
			sourceTree = "<group>";
		};
		137F7E5526A74B6A00F3959A /* LaunchScreen.storyboard */ = {
			isa = PBXVariantGroup;
			children = (
				137F7E5626A74B6A00F3959A /* Base */,
			);
			name = LaunchScreen.storyboard;
			sourceTree = "<group>";
		};
/* End PBXVariantGroup section */

/* Begin XCBuildConfiguration section */
		137F7E6F26A74B6B00F3959A /* Debug */ = {
			isa = XCBuildConfiguration;
			buildSettings = {
				ALWAYS_SEARCH_USER_PATHS = NO;
				CLANG_ANALYZER_NONNULL = YES;
				CLANG_ANALYZER_NUMBER_OBJECT_CONVERSION = YES_AGGRESSIVE;
				CLANG_CXX_LANGUAGE_STANDARD = "gnu++14";
				CLANG_CXX_LIBRARY = "libc++";
				CLANG_ENABLE_MODULES = YES;
				CLANG_ENABLE_OBJC_ARC = YES;
				CLANG_ENABLE_OBJC_WEAK = YES;
				CLANG_WARN_BLOCK_CAPTURE_AUTORELEASING = YES;
				CLANG_WARN_BOOL_CONVERSION = YES;
				CLANG_WARN_COMMA = YES;
				CLANG_WARN_CONSTANT_CONVERSION = YES;
				CLANG_WARN_DEPRECATED_OBJC_IMPLEMENTATIONS = YES;
				CLANG_WARN_DIRECT_OBJC_ISA_USAGE = YES_ERROR;
				CLANG_WARN_DOCUMENTATION_COMMENTS = YES;
				CLANG_WARN_EMPTY_BODY = YES;
				CLANG_WARN_ENUM_CONVERSION = YES;
				CLANG_WARN_INFINITE_RECURSION = YES;
				CLANG_WARN_INT_CONVERSION = YES;
				CLANG_WARN_NON_LITERAL_NULL_CONVERSION = YES;
				CLANG_WARN_OBJC_IMPLICIT_RETAIN_SELF = YES;
				CLANG_WARN_OBJC_LITERAL_CONVERSION = YES;
				CLANG_WARN_OBJC_ROOT_CLASS = YES_ERROR;
				CLANG_WARN_QUOTED_INCLUDE_IN_FRAMEWORK_HEADER = YES;
				CLANG_WARN_RANGE_LOOP_ANALYSIS = YES;
				CLANG_WARN_STRICT_PROTOTYPES = YES;
				CLANG_WARN_SUSPICIOUS_MOVE = YES;
				CLANG_WARN_UNGUARDED_AVAILABILITY = YES_AGGRESSIVE;
				CLANG_WARN_UNREACHABLE_CODE = YES;
				CLANG_WARN__DUPLICATE_METHOD_MATCH = YES;
				COPY_PHASE_STRIP = NO;
				DEBUG_INFORMATION_FORMAT = dwarf;
				ENABLE_STRICT_OBJC_MSGSEND = YES;
				ENABLE_TESTABILITY = YES;
				GCC_C_LANGUAGE_STANDARD = gnu11;
				GCC_DYNAMIC_NO_PIC = NO;
				GCC_NO_COMMON_BLOCKS = YES;
				GCC_OPTIMIZATION_LEVEL = 0;
				GCC_PREPROCESSOR_DEFINITIONS = (
					"DEBUG=1",
					"$(inherited)",
				);
				GCC_WARN_64_TO_32_BIT_CONVERSION = YES;
				GCC_WARN_ABOUT_RETURN_TYPE = YES_ERROR;
				GCC_WARN_UNDECLARED_SELECTOR = YES;
				GCC_WARN_UNINITIALIZED_AUTOS = YES_AGGRESSIVE;
				GCC_WARN_UNUSED_FUNCTION = YES;
				GCC_WARN_UNUSED_VARIABLE = YES;
				IPHONEOS_DEPLOYMENT_TARGET = 14.1;
				MTL_ENABLE_DEBUG_INFO = INCLUDE_SOURCE;
				MTL_FAST_MATH = YES;
				ONLY_ACTIVE_ARCH = YES;
				SDKROOT = iphoneos;
				SWIFT_ACTIVE_COMPILATION_CONDITIONS = DEBUG;
				SWIFT_OPTIMIZATION_LEVEL = "-Onone";
			};
			name = Debug;
		};
		137F7E7026A74B6B00F3959A /* Release */ = {
			isa = XCBuildConfiguration;
			buildSettings = {
				ALWAYS_SEARCH_USER_PATHS = NO;
				CLANG_ANALYZER_NONNULL = YES;
				CLANG_ANALYZER_NUMBER_OBJECT_CONVERSION = YES_AGGRESSIVE;
				CLANG_CXX_LANGUAGE_STANDARD = "gnu++14";
				CLANG_CXX_LIBRARY = "libc++";
				CLANG_ENABLE_MODULES = YES;
				CLANG_ENABLE_OBJC_ARC = YES;
				CLANG_ENABLE_OBJC_WEAK = YES;
				CLANG_WARN_BLOCK_CAPTURE_AUTORELEASING = YES;
				CLANG_WARN_BOOL_CONVERSION = YES;
				CLANG_WARN_COMMA = YES;
				CLANG_WARN_CONSTANT_CONVERSION = YES;
				CLANG_WARN_DEPRECATED_OBJC_IMPLEMENTATIONS = YES;
				CLANG_WARN_DIRECT_OBJC_ISA_USAGE = YES_ERROR;
				CLANG_WARN_DOCUMENTATION_COMMENTS = YES;
				CLANG_WARN_EMPTY_BODY = YES;
				CLANG_WARN_ENUM_CONVERSION = YES;
				CLANG_WARN_INFINITE_RECURSION = YES;
				CLANG_WARN_INT_CONVERSION = YES;
				CLANG_WARN_NON_LITERAL_NULL_CONVERSION = YES;
				CLANG_WARN_OBJC_IMPLICIT_RETAIN_SELF = YES;
				CLANG_WARN_OBJC_LITERAL_CONVERSION = YES;
				CLANG_WARN_OBJC_ROOT_CLASS = YES_ERROR;
				CLANG_WARN_QUOTED_INCLUDE_IN_FRAMEWORK_HEADER = YES;
				CLANG_WARN_RANGE_LOOP_ANALYSIS = YES;
				CLANG_WARN_STRICT_PROTOTYPES = YES;
				CLANG_WARN_SUSPICIOUS_MOVE = YES;
				CLANG_WARN_UNGUARDED_AVAILABILITY = YES_AGGRESSIVE;
				CLANG_WARN_UNREACHABLE_CODE = YES;
				CLANG_WARN__DUPLICATE_METHOD_MATCH = YES;
				COPY_PHASE_STRIP = NO;
				DEBUG_INFORMATION_FORMAT = "dwarf-with-dsym";
				ENABLE_NS_ASSERTIONS = NO;
				ENABLE_STRICT_OBJC_MSGSEND = YES;
				GCC_C_LANGUAGE_STANDARD = gnu11;
				GCC_NO_COMMON_BLOCKS = YES;
				GCC_WARN_64_TO_32_BIT_CONVERSION = YES;
				GCC_WARN_ABOUT_RETURN_TYPE = YES_ERROR;
				GCC_WARN_UNDECLARED_SELECTOR = YES;
				GCC_WARN_UNINITIALIZED_AUTOS = YES_AGGRESSIVE;
				GCC_WARN_UNUSED_FUNCTION = YES;
				GCC_WARN_UNUSED_VARIABLE = YES;
				IPHONEOS_DEPLOYMENT_TARGET = 14.1;
				MTL_ENABLE_DEBUG_INFO = NO;
				MTL_FAST_MATH = YES;
				SDKROOT = iphoneos;
				SWIFT_COMPILATION_MODE = wholemodule;
				SWIFT_OPTIMIZATION_LEVEL = "-O";
				VALIDATE_PRODUCT = YES;
			};
			name = Release;
		};
		137F7E7226A74B6B00F3959A /* Debug */ = {
			isa = XCBuildConfiguration;
			buildSettings = {
				ASSETCATALOG_COMPILER_APPICON_NAME = AppIcon;
				ASSETCATALOG_COMPILER_GLOBAL_ACCENT_COLOR_NAME = AccentColor;
				CODE_SIGN_STYLE = Automatic;
				INFOPLIST_FILE = GitHub_LessonTesting_2/Info.plist;
				LD_RUNPATH_SEARCH_PATHS = (
					"$(inherited)",
					"@executable_path/Frameworks",
				);
				PRODUCT_BUNDLE_IDENTIFIER = "KWK.GitHub-LessonTesting-2";
				PRODUCT_NAME = "$(TARGET_NAME)";
				SWIFT_VERSION = 5.0;
				TARGETED_DEVICE_FAMILY = "1,2";
			};
			name = Debug;
		};
		137F7E7326A74B6B00F3959A /* Release */ = {
			isa = XCBuildConfiguration;
			buildSettings = {
				ASSETCATALOG_COMPILER_APPICON_NAME = AppIcon;
				ASSETCATALOG_COMPILER_GLOBAL_ACCENT_COLOR_NAME = AccentColor;
				CODE_SIGN_STYLE = Automatic;
				INFOPLIST_FILE = GitHub_LessonTesting_2/Info.plist;
				LD_RUNPATH_SEARCH_PATHS = (
					"$(inherited)",
					"@executable_path/Frameworks",
				);
				PRODUCT_BUNDLE_IDENTIFIER = "KWK.GitHub-LessonTesting-2";
				PRODUCT_NAME = "$(TARGET_NAME)";
				SWIFT_VERSION = 5.0;
				TARGETED_DEVICE_FAMILY = "1,2";
			};
			name = Release;
		};
		137F7E7526A74B6B00F3959A /* Debug */ = {
			isa = XCBuildConfiguration;
			buildSettings = {
				ALWAYS_EMBED_SWIFT_STANDARD_LIBRARIES = YES;
				BUNDLE_LOADER = "$(TEST_HOST)";
				CODE_SIGN_STYLE = Automatic;
				INFOPLIST_FILE = GitHub_LessonTesting_2Tests/Info.plist;
				IPHONEOS_DEPLOYMENT_TARGET = 14.1;
				LD_RUNPATH_SEARCH_PATHS = (
					"$(inherited)",
					"@executable_path/Frameworks",
					"@loader_path/Frameworks",
				);
				PRODUCT_BUNDLE_IDENTIFIER = "KWK.GitHub-LessonTesting-2Tests";
				PRODUCT_NAME = "$(TARGET_NAME)";
				SWIFT_VERSION = 5.0;
				TARGETED_DEVICE_FAMILY = "1,2";
				TEST_HOST = "$(BUILT_PRODUCTS_DIR)/GitHub_LessonTesting_2.app/GitHub_LessonTesting_2";
			};
			name = Debug;
		};
		137F7E7626A74B6B00F3959A /* Release */ = {
			isa = XCBuildConfiguration;
			buildSettings = {
				ALWAYS_EMBED_SWIFT_STANDARD_LIBRARIES = YES;
				BUNDLE_LOADER = "$(TEST_HOST)";
				CODE_SIGN_STYLE = Automatic;
				INFOPLIST_FILE = GitHub_LessonTesting_2Tests/Info.plist;
				IPHONEOS_DEPLOYMENT_TARGET = 14.1;
				LD_RUNPATH_SEARCH_PATHS = (
					"$(inherited)",
					"@executable_path/Frameworks",
					"@loader_path/Frameworks",
				);
				PRODUCT_BUNDLE_IDENTIFIER = "KWK.GitHub-LessonTesting-2Tests";
				PRODUCT_NAME = "$(TARGET_NAME)";
				SWIFT_VERSION = 5.0;
				TARGETED_DEVICE_FAMILY = "1,2";
				TEST_HOST = "$(BUILT_PRODUCTS_DIR)/GitHub_LessonTesting_2.app/GitHub_LessonTesting_2";
			};
			name = Release;
		};
		137F7E7826A74B6B00F3959A /* Debug */ = {
			isa = XCBuildConfiguration;
			buildSettings = {
				ALWAYS_EMBED_SWIFT_STANDARD_LIBRARIES = YES;
				CODE_SIGN_STYLE = Automatic;
				INFOPLIST_FILE = GitHub_LessonTesting_2UITests/Info.plist;
				LD_RUNPATH_SEARCH_PATHS = (
					"$(inherited)",
					"@executable_path/Frameworks",
					"@loader_path/Frameworks",
				);
				PRODUCT_BUNDLE_IDENTIFIER = "KWK.GitHub-LessonTesting-2UITests";
				PRODUCT_NAME = "$(TARGET_NAME)";
				SWIFT_VERSION = 5.0;
				TARGETED_DEVICE_FAMILY = "1,2";
				TEST_TARGET_NAME = GitHub_LessonTesting_2;
			};
			name = Debug;
		};
		137F7E7926A74B6B00F3959A /* Release */ = {
			isa = XCBuildConfiguration;
			buildSettings = {
				ALWAYS_EMBED_SWIFT_STANDARD_LIBRARIES = YES;
				CODE_SIGN_STYLE = Automatic;
				INFOPLIST_FILE = GitHub_LessonTesting_2UITests/Info.plist;
				LD_RUNPATH_SEARCH_PATHS = (
					"$(inherited)",
					"@executable_path/Frameworks",
					"@loader_path/Frameworks",
				);
				PRODUCT_BUNDLE_IDENTIFIER = "KWK.GitHub-LessonTesting-2UITests";
				PRODUCT_NAME = "$(TARGET_NAME)";
				SWIFT_VERSION = 5.0;
				TARGETED_DEVICE_FAMILY = "1,2";
				TEST_TARGET_NAME = GitHub_LessonTesting_2;
			};
			name = Release;
		};
/* End XCBuildConfiguration section */

/* Begin XCConfigurationList section */
		137F7E3F26A74B6400F3959A /* Build configuration list for PBXProject "GitHub_LessonTesting_2" */ = {
			isa = XCConfigurationList;
			buildConfigurations = (
				137F7E6F26A74B6B00F3959A /* Debug */,
				137F7E7026A74B6B00F3959A /* Release */,
			);
			defaultConfigurationIsVisible = 0;
			defaultConfigurationName = Release;
		};
		137F7E7126A74B6B00F3959A /* Build configuration list for PBXNativeTarget "GitHub_LessonTesting_2" */ = {
			isa = XCConfigurationList;
			buildConfigurations = (
				137F7E7226A74B6B00F3959A /* Debug */,
				137F7E7326A74B6B00F3959A /* Release */,
			);
			defaultConfigurationIsVisible = 0;
			defaultConfigurationName = Release;
		};
		137F7E7426A74B6B00F3959A /* Build configuration list for PBXNativeTarget "GitHub_LessonTesting_2Tests" */ = {
			isa = XCConfigurationList;
			buildConfigurations = (
				137F7E7526A74B6B00F3959A /* Debug */,
				137F7E7626A74B6B00F3959A /* Release */,
			);
			defaultConfigurationIsVisible = 0;
			defaultConfigurationName = Release;
		};
		137F7E7726A74B6B00F3959A /* Build configuration list for PBXNativeTarget "GitHub_LessonTesting_2UITests" */ = {
			isa = XCConfigurationList;
			buildConfigurations = (
				137F7E7826A74B6B00F3959A /* Debug */,
				137F7E7926A74B6B00F3959A /* Release */,
			);
			defaultConfigurationIsVisible = 0;
			defaultConfigurationName = Release;
		};
/* End XCConfigurationList section */

/* Begin XCVersionGroup section */
		137F7E5026A74B6400F3959A /* GitHub_LessonTesting_2.xcdatamodeld */ = {
			isa = XCVersionGroup;
			children = (
				137F7E5126A74B6400F3959A /* GitHub_LessonTesting_2.xcdatamodel */,
			);
			currentVersion = 137F7E5126A74B6400F3959A /* GitHub_LessonTesting_2.xcdatamodel */;
			path = GitHub_LessonTesting_2.xcdatamodeld;
			sourceTree = "<group>";
			versionGroupType = wrapper.xcdatamodel;
		};
/* End XCVersionGroup section */
	};
	rootObject = 137F7E3C26A74B6400F3959A /* Project object */;
}
